// !$*UTF8*$!
{
	archiveVersion = 1;
	classes = {
	};
	objectVersion = 50;
	objects = {

/* Begin PBXBuildFile section */
		1453D1E8249A3A0800729DF0 /* CurrencyMainDependency.swift in Sources */ = {isa = PBXBuildFile; fileRef = 1453D1E7249A3A0800729DF0 /* CurrencyMainDependency.swift */; };
		1453D1EA249A3AB400729DF0 /* CurrencyMainManager.swift in Sources */ = {isa = PBXBuildFile; fileRef = 1453D1E9249A3AB400729DF0 /* CurrencyMainManager.swift */; };
		1453D1ED249A3AFB00729DF0 /* EnvironmentSetting.swift in Sources */ = {isa = PBXBuildFile; fileRef = 1453D1EC249A3AFB00729DF0 /* EnvironmentSetting.swift */; };
		1453D1F0249A3BE500729DF0 /* LiveCurrency.swift in Sources */ = {isa = PBXBuildFile; fileRef = 1453D1EF249A3BE500729DF0 /* LiveCurrency.swift */; };
		1453D1F8249A5C9B00729DF0 /* CurrencyRateCell.swift in Sources */ = {isa = PBXBuildFile; fileRef = 1453D1F6249A5C9B00729DF0 /* CurrencyRateCell.swift */; };
		1453D1F9249A5C9B00729DF0 /* CurrencyRateCell.xib in Resources */ = {isa = PBXBuildFile; fileRef = 1453D1F7249A5C9B00729DF0 /* CurrencyRateCell.xib */; };
		1453D1FE249A714E00729DF0 /* CellSetting.swift in Sources */ = {isa = PBXBuildFile; fileRef = 1453D1FD249A714E00729DF0 /* CellSetting.swift */; };
		1453D200249A716F00729DF0 /* CurrencyRowType.swift in Sources */ = {isa = PBXBuildFile; fileRef = 1453D1FF249A716F00729DF0 /* CurrencyRowType.swift */; };
		1453D202249A71EA00729DF0 /* CurrencySelectCell.swift in Sources */ = {isa = PBXBuildFile; fileRef = 1453D201249A71E900729DF0 /* CurrencySelectCell.swift */; };
		1453D204249A720400729DF0 /* CurrencySelectVM.swift in Sources */ = {isa = PBXBuildFile; fileRef = 1453D203249A720400729DF0 /* CurrencySelectVM.swift */; };
		1453D206249A724C00729DF0 /* CurrencyRateVM.swift in Sources */ = {isa = PBXBuildFile; fileRef = 1453D205249A724C00729DF0 /* CurrencyRateVM.swift */; };
		1453D208249A780400729DF0 /* CurrencySelectCell.xib in Resources */ = {isa = PBXBuildFile; fileRef = 1453D1F3249A5C7100729DF0 /* CurrencySelectCell.xib */; };
		1453D20A249A79D400729DF0 /* DataCurrencyList.swift in Sources */ = {isa = PBXBuildFile; fileRef = 1453D209249A79D400729DF0 /* DataCurrencyList.swift */; };
		1453D20D249A7C3500729DF0 /* CurrencyDataDependency.swift in Sources */ = {isa = PBXBuildFile; fileRef = 1453D20C249A7C3500729DF0 /* CurrencyDataDependency.swift */; };
		1453D20E249A7C3500729DF0 /* CurrencyDataDependency.swift in Sources */ = {isa = PBXBuildFile; fileRef = 1453D20C249A7C3500729DF0 /* CurrencyDataDependency.swift */; };
		1453D210249A855E00729DF0 /* CurrencyDataManager.swift in Sources */ = {isa = PBXBuildFile; fileRef = 1453D20F249A855E00729DF0 /* CurrencyDataManager.swift */; };
		1453D211249A855E00729DF0 /* CurrencyDataManager.swift in Sources */ = {isa = PBXBuildFile; fileRef = 1453D20F249A855E00729DF0 /* CurrencyDataManager.swift */; };
		1453D212249A88D100729DF0 /* NetworkManager.swift in Sources */ = {isa = PBXBuildFile; fileRef = 45C5DEBA2499E00200F1B533 /* NetworkManager.swift */; };
		145D514B249A94580019074D /* NetworkHelper.swift in Sources */ = {isa = PBXBuildFile; fileRef = 145D514A249A94580019074D /* NetworkHelper.swift */; };
		145D514D249A97410019074D /* APIResponse.swift in Sources */ = {isa = PBXBuildFile; fileRef = 145D514C249A97410019074D /* APIResponse.swift */; };
		458AB141249B2BAC003E415E /* CurrencyUtilities.swift in Sources */ = {isa = PBXBuildFile; fileRef = 458AB140249B2BAC003E415E /* CurrencyUtilities.swift */; };
		458AB144249B33AD003E415E /* CurrencyDataTests.swift in Sources */ = {isa = PBXBuildFile; fileRef = 458AB143249B33AD003E415E /* CurrencyDataTests.swift */; };
		458AB154249B3C41003E415E /* FileHelper.swift in Sources */ = {isa = PBXBuildFile; fileRef = 458AB153249B3C41003E415E /* FileHelper.swift */; };
		458AB156249B4869003E415E /* String+Extension.swift in Sources */ = {isa = PBXBuildFile; fileRef = 458AB155249B4869003E415E /* String+Extension.swift */; };
		458AB158249B5183003E415E /* LocalStoreCurrency.swift in Sources */ = {isa = PBXBuildFile; fileRef = 458AB157249B5183003E415E /* LocalStoreCurrency.swift */; };
		45C5DE7B2499BBFA00F1B533 /* AppDelegate.swift in Sources */ = {isa = PBXBuildFile; fileRef = 45C5DE7A2499BBFA00F1B533 /* AppDelegate.swift */; };
		45C5DE7D2499BBFA00F1B533 /* SceneDelegate.swift in Sources */ = {isa = PBXBuildFile; fileRef = 45C5DE7C2499BBFA00F1B533 /* SceneDelegate.swift */; };
		45C5DE842499BBFB00F1B533 /* Assets.xcassets in Resources */ = {isa = PBXBuildFile; fileRef = 45C5DE832499BBFB00F1B533 /* Assets.xcassets */; };
		45C5DE872499BBFB00F1B533 /* LaunchScreen.storyboard in Resources */ = {isa = PBXBuildFile; fileRef = 45C5DE852499BBFB00F1B533 /* LaunchScreen.storyboard */; };
		45C5DEB52499C60300F1B533 /* Coordinator.swift in Sources */ = {isa = PBXBuildFile; fileRef = 45C5DEB32499C60300F1B533 /* Coordinator.swift */; };
		45C5DEB62499C60300F1B533 /* CoordinatorProtocol.swift in Sources */ = {isa = PBXBuildFile; fileRef = 45C5DEB42499C60300F1B533 /* CoordinatorProtocol.swift */; };
		45C5DEB82499C62800F1B533 /* Box.swift in Sources */ = {isa = PBXBuildFile; fileRef = 45C5DEB72499C62800F1B533 /* Box.swift */; };
		45C5DEC32499E4C700F1B533 /* CurrencyMainPageVC.swift in Sources */ = {isa = PBXBuildFile; fileRef = 45C5DEC12499E4C700F1B533 /* CurrencyMainPageVC.swift */; };
		45C5DEC42499E4C700F1B533 /* CurrencyMainPageVC.xib in Resources */ = {isa = PBXBuildFile; fileRef = 45C5DEC22499E4C700F1B533 /* CurrencyMainPageVC.xib */; };
		45C5DEC62499E4D100F1B533 /* CurrencyMainPageVM.swift in Sources */ = {isa = PBXBuildFile; fileRef = 45C5DEC52499E4D100F1B533 /* CurrencyMainPageVM.swift */; };
		45C5DEC82499E4E400F1B533 /* CurrencyMainPageCoordinator.swift in Sources */ = {isa = PBXBuildFile; fileRef = 45C5DEC72499E4E400F1B533 /* CurrencyMainPageCoordinator.swift */; };
		45C5DECA2499F61D00F1B533 /* AppCoordinator.swift in Sources */ = {isa = PBXBuildFile; fileRef = 45C5DEC92499F61D00F1B533 /* AppCoordinator.swift */; };
		45C5DED3249A10E200F1B533 /* CurrencyDataCoordinator.swift in Sources */ = {isa = PBXBuildFile; fileRef = 45C5DED2249A10E200F1B533 /* CurrencyDataCoordinator.swift */; };
		45C5DED7249A10F900F1B533 /* CurrencyDataVC.xib in Resources */ = {isa = PBXBuildFile; fileRef = 45C5DED5249A10F900F1B533 /* CurrencyDataVC.xib */; };
		45C5DED9249A110200F1B533 /* CurrencyDataVM.swift in Sources */ = {isa = PBXBuildFile; fileRef = 45C5DED8249A110200F1B533 /* CurrencyDataVM.swift */; };
		45C5DEDD249A1A3100F1B533 /* CurrencyDataVC.swift in Sources */ = {isa = PBXBuildFile; fileRef = 45C5DED4249A10F900F1B533 /* CurrencyDataVC.swift */; };
		45C5DEDF249A1A4E00F1B533 /* UIView+Extension.swift in Sources */ = {isa = PBXBuildFile; fileRef = 45C5DEDE249A1A4E00F1B533 /* UIView+Extension.swift */; };
		45C5DEE4249B006500F1B533 /* LoadingHudView.xib in Resources */ = {isa = PBXBuildFile; fileRef = 45C5DEE2249B006500F1B533 /* LoadingHudView.xib */; };
		45C5DEE5249B006500F1B533 /* LoadingHudView.swift in Sources */ = {isa = PBXBuildFile; fileRef = 45C5DEE3249B006500F1B533 /* LoadingHudView.swift */; };
		45C5DEE7249B00EA00F1B533 /* UIViewController+Extension.swift in Sources */ = {isa = PBXBuildFile; fileRef = 45C5DEE6249B00EA00F1B533 /* UIViewController+Extension.swift */; };
		45E6E872249B764D00BBF133 /* TimeCompareHelper.swift in Sources */ = {isa = PBXBuildFile; fileRef = 45E6E871249B764D00BBF133 /* TimeCompareHelper.swift */; };
		45E6E877249B8C1900BBF133 /* CurrencyManPageTests.swift in Sources */ = {isa = PBXBuildFile; fileRef = 45E6E876249B8C1900BBF133 /* CurrencyManPageTests.swift */; };
		45E6E87A249B941900BBF133 /* CurrencyManPageAcceptanceTests.swift in Sources */ = {isa = PBXBuildFile; fileRef = 45E6E879249B941900BBF133 /* CurrencyManPageAcceptanceTests.swift */; };
		45E6E881249B9EA800BBF133 /* Debug.xcconfig in Resources */ = {isa = PBXBuildFile; fileRef = 45E6E880249B9EA800BBF133 /* Debug.xcconfig */; };
		45E6E883249B9EC100BBF133 /* Stage.xcconfig in Resources */ = {isa = PBXBuildFile; fileRef = 45E6E882249B9EC100BBF133 /* Stage.xcconfig */; };
		45E6E885249B9ED200BBF133 /* Release.xcconfig in Resources */ = {isa = PBXBuildFile; fileRef = 45E6E884249B9ED200BBF133 /* Release.xcconfig */; };
/* End PBXBuildFile section */

/* Begin PBXContainerItemProxy section */
		458AB14E249B346E003E415E /* PBXContainerItemProxy */ = {
			isa = PBXContainerItemProxy;
			containerPortal = 45C5DE6F2499BBFA00F1B533 /* Project object */;
			proxyType = 1;
			remoteGlobalIDString = 45C5DE762499BBFA00F1B533;
			remoteInfo = CurrencyExTool;
		};
		45C5DE8E2499BBFB00F1B533 /* PBXContainerItemProxy */ = {
			isa = PBXContainerItemProxy;
			containerPortal = 45C5DE6F2499BBFA00F1B533 /* Project object */;
			proxyType = 1;
			remoteGlobalIDString = 45C5DE762499BBFA00F1B533;
			remoteInfo = CurrencyExTool;
		};
/* End PBXContainerItemProxy section */

/* Begin PBXFileReference section */
		1453D1E7249A3A0800729DF0 /* CurrencyMainDependency.swift */ = {isa = PBXFileReference; lastKnownFileType = sourcecode.swift; path = CurrencyMainDependency.swift; sourceTree = "<group>"; };
		1453D1E9249A3AB400729DF0 /* CurrencyMainManager.swift */ = {isa = PBXFileReference; lastKnownFileType = sourcecode.swift; path = CurrencyMainManager.swift; sourceTree = "<group>"; };
		1453D1EC249A3AFB00729DF0 /* EnvironmentSetting.swift */ = {isa = PBXFileReference; lastKnownFileType = sourcecode.swift; path = EnvironmentSetting.swift; sourceTree = "<group>"; };
		1453D1EF249A3BE500729DF0 /* LiveCurrency.swift */ = {isa = PBXFileReference; lastKnownFileType = sourcecode.swift; path = LiveCurrency.swift; sourceTree = "<group>"; };
		1453D1F3249A5C7100729DF0 /* CurrencySelectCell.xib */ = {isa = PBXFileReference; lastKnownFileType = file.xib; path = CurrencySelectCell.xib; sourceTree = "<group>"; };
		1453D1F6249A5C9B00729DF0 /* CurrencyRateCell.swift */ = {isa = PBXFileReference; lastKnownFileType = sourcecode.swift; path = CurrencyRateCell.swift; sourceTree = "<group>"; };
		1453D1F7249A5C9B00729DF0 /* CurrencyRateCell.xib */ = {isa = PBXFileReference; lastKnownFileType = file.xib; path = CurrencyRateCell.xib; sourceTree = "<group>"; };
		1453D1FD249A714E00729DF0 /* CellSetting.swift */ = {isa = PBXFileReference; lastKnownFileType = sourcecode.swift; path = CellSetting.swift; sourceTree = "<group>"; };
		1453D1FF249A716F00729DF0 /* CurrencyRowType.swift */ = {isa = PBXFileReference; lastKnownFileType = sourcecode.swift; path = CurrencyRowType.swift; sourceTree = "<group>"; };
		1453D201249A71E900729DF0 /* CurrencySelectCell.swift */ = {isa = PBXFileReference; fileEncoding = 4; lastKnownFileType = sourcecode.swift; path = CurrencySelectCell.swift; sourceTree = "<group>"; };
		1453D203249A720400729DF0 /* CurrencySelectVM.swift */ = {isa = PBXFileReference; lastKnownFileType = sourcecode.swift; path = CurrencySelectVM.swift; sourceTree = "<group>"; };
		1453D205249A724C00729DF0 /* CurrencyRateVM.swift */ = {isa = PBXFileReference; lastKnownFileType = sourcecode.swift; path = CurrencyRateVM.swift; sourceTree = "<group>"; };
		1453D209249A79D400729DF0 /* DataCurrencyList.swift */ = {isa = PBXFileReference; lastKnownFileType = sourcecode.swift; path = DataCurrencyList.swift; sourceTree = "<group>"; };
		1453D20C249A7C3500729DF0 /* CurrencyDataDependency.swift */ = {isa = PBXFileReference; lastKnownFileType = sourcecode.swift; path = CurrencyDataDependency.swift; sourceTree = "<group>"; };
		1453D20F249A855E00729DF0 /* CurrencyDataManager.swift */ = {isa = PBXFileReference; lastKnownFileType = sourcecode.swift; path = CurrencyDataManager.swift; sourceTree = "<group>"; };
		145D514A249A94580019074D /* NetworkHelper.swift */ = {isa = PBXFileReference; lastKnownFileType = sourcecode.swift; path = NetworkHelper.swift; sourceTree = "<group>"; };
		145D514C249A97410019074D /* APIResponse.swift */ = {isa = PBXFileReference; lastKnownFileType = sourcecode.swift; path = APIResponse.swift; sourceTree = "<group>"; };
		458AB140249B2BAC003E415E /* CurrencyUtilities.swift */ = {isa = PBXFileReference; lastKnownFileType = sourcecode.swift; path = CurrencyUtilities.swift; sourceTree = "<group>"; };
		458AB143249B33AD003E415E /* CurrencyDataTests.swift */ = {isa = PBXFileReference; lastKnownFileType = sourcecode.swift; path = CurrencyDataTests.swift; sourceTree = "<group>"; };
		458AB149249B346E003E415E /* CurrencyExToolAcceptanceTest.xctest */ = {isa = PBXFileReference; explicitFileType = wrapper.cfbundle; includeInIndex = 0; path = CurrencyExToolAcceptanceTest.xctest; sourceTree = BUILT_PRODUCTS_DIR; };
		458AB14D249B346E003E415E /* Info.plist */ = {isa = PBXFileReference; lastKnownFileType = text.plist.xml; path = Info.plist; sourceTree = "<group>"; };
		458AB153249B3C41003E415E /* FileHelper.swift */ = {isa = PBXFileReference; lastKnownFileType = sourcecode.swift; path = FileHelper.swift; sourceTree = "<group>"; };
		458AB155249B4869003E415E /* String+Extension.swift */ = {isa = PBXFileReference; lastKnownFileType = sourcecode.swift; path = "String+Extension.swift"; sourceTree = "<group>"; };
		458AB157249B5183003E415E /* LocalStoreCurrency.swift */ = {isa = PBXFileReference; lastKnownFileType = sourcecode.swift; path = LocalStoreCurrency.swift; sourceTree = "<group>"; };
		45C5DE772499BBFA00F1B533 /* CurrencyExTool.app */ = {isa = PBXFileReference; explicitFileType = wrapper.application; includeInIndex = 0; path = CurrencyExTool.app; sourceTree = BUILT_PRODUCTS_DIR; };
		45C5DE7A2499BBFA00F1B533 /* AppDelegate.swift */ = {isa = PBXFileReference; lastKnownFileType = sourcecode.swift; path = AppDelegate.swift; sourceTree = "<group>"; };
		45C5DE7C2499BBFA00F1B533 /* SceneDelegate.swift */ = {isa = PBXFileReference; lastKnownFileType = sourcecode.swift; path = SceneDelegate.swift; sourceTree = "<group>"; };
		45C5DE832499BBFB00F1B533 /* Assets.xcassets */ = {isa = PBXFileReference; lastKnownFileType = folder.assetcatalog; path = Assets.xcassets; sourceTree = "<group>"; };
		45C5DE862499BBFB00F1B533 /* Base */ = {isa = PBXFileReference; lastKnownFileType = file.storyboard; name = Base; path = Base.lproj/LaunchScreen.storyboard; sourceTree = "<group>"; };
		45C5DE882499BBFB00F1B533 /* Info.plist */ = {isa = PBXFileReference; lastKnownFileType = text.plist.xml; path = Info.plist; sourceTree = "<group>"; };
		45C5DE8D2499BBFB00F1B533 /* CurrencyExToolTests.xctest */ = {isa = PBXFileReference; explicitFileType = wrapper.cfbundle; includeInIndex = 0; path = CurrencyExToolTests.xctest; sourceTree = BUILT_PRODUCTS_DIR; };
		45C5DE932499BBFB00F1B533 /* Info.plist */ = {isa = PBXFileReference; lastKnownFileType = text.plist.xml; path = Info.plist; sourceTree = "<group>"; };
		45C5DEB32499C60300F1B533 /* Coordinator.swift */ = {isa = PBXFileReference; fileEncoding = 4; lastKnownFileType = sourcecode.swift; path = Coordinator.swift; sourceTree = "<group>"; };
		45C5DEB42499C60300F1B533 /* CoordinatorProtocol.swift */ = {isa = PBXFileReference; fileEncoding = 4; lastKnownFileType = sourcecode.swift; path = CoordinatorProtocol.swift; sourceTree = "<group>"; };
		45C5DEB72499C62800F1B533 /* Box.swift */ = {isa = PBXFileReference; lastKnownFileType = sourcecode.swift; path = Box.swift; sourceTree = "<group>"; };
		45C5DEBA2499E00200F1B533 /* NetworkManager.swift */ = {isa = PBXFileReference; lastKnownFileType = sourcecode.swift; path = NetworkManager.swift; sourceTree = "<group>"; };
		45C5DEC12499E4C700F1B533 /* CurrencyMainPageVC.swift */ = {isa = PBXFileReference; lastKnownFileType = sourcecode.swift; path = CurrencyMainPageVC.swift; sourceTree = "<group>"; };
		45C5DEC22499E4C700F1B533 /* CurrencyMainPageVC.xib */ = {isa = PBXFileReference; lastKnownFileType = file.xib; path = CurrencyMainPageVC.xib; sourceTree = "<group>"; };
		45C5DEC52499E4D100F1B533 /* CurrencyMainPageVM.swift */ = {isa = PBXFileReference; lastKnownFileType = sourcecode.swift; path = CurrencyMainPageVM.swift; sourceTree = "<group>"; };
		45C5DEC72499E4E400F1B533 /* CurrencyMainPageCoordinator.swift */ = {isa = PBXFileReference; lastKnownFileType = sourcecode.swift; path = CurrencyMainPageCoordinator.swift; sourceTree = "<group>"; };
		45C5DEC92499F61D00F1B533 /* AppCoordinator.swift */ = {isa = PBXFileReference; lastKnownFileType = sourcecode.swift; path = AppCoordinator.swift; sourceTree = "<group>"; };
		45C5DED2249A10E200F1B533 /* CurrencyDataCoordinator.swift */ = {isa = PBXFileReference; lastKnownFileType = sourcecode.swift; path = CurrencyDataCoordinator.swift; sourceTree = "<group>"; };
		45C5DED4249A10F900F1B533 /* CurrencyDataVC.swift */ = {isa = PBXFileReference; lastKnownFileType = sourcecode.swift; path = CurrencyDataVC.swift; sourceTree = "<group>"; };
		45C5DED5249A10F900F1B533 /* CurrencyDataVC.xib */ = {isa = PBXFileReference; lastKnownFileType = file.xib; path = CurrencyDataVC.xib; sourceTree = "<group>"; };
		45C5DED8249A110200F1B533 /* CurrencyDataVM.swift */ = {isa = PBXFileReference; lastKnownFileType = sourcecode.swift; path = CurrencyDataVM.swift; sourceTree = "<group>"; };
		45C5DEDE249A1A4E00F1B533 /* UIView+Extension.swift */ = {isa = PBXFileReference; lastKnownFileType = sourcecode.swift; path = "UIView+Extension.swift"; sourceTree = "<group>"; };
		45C5DEE2249B006500F1B533 /* LoadingHudView.xib */ = {isa = PBXFileReference; fileEncoding = 4; lastKnownFileType = file.xib; path = LoadingHudView.xib; sourceTree = "<group>"; };
		45C5DEE3249B006500F1B533 /* LoadingHudView.swift */ = {isa = PBXFileReference; fileEncoding = 4; lastKnownFileType = sourcecode.swift; path = LoadingHudView.swift; sourceTree = "<group>"; };
		45C5DEE6249B00EA00F1B533 /* UIViewController+Extension.swift */ = {isa = PBXFileReference; lastKnownFileType = sourcecode.swift; path = "UIViewController+Extension.swift"; sourceTree = "<group>"; };
		45E6E871249B764D00BBF133 /* TimeCompareHelper.swift */ = {isa = PBXFileReference; lastKnownFileType = sourcecode.swift; path = TimeCompareHelper.swift; sourceTree = "<group>"; };
		45E6E876249B8C1900BBF133 /* CurrencyManPageTests.swift */ = {isa = PBXFileReference; lastKnownFileType = sourcecode.swift; path = CurrencyManPageTests.swift; sourceTree = "<group>"; };
		45E6E879249B941900BBF133 /* CurrencyManPageAcceptanceTests.swift */ = {isa = PBXFileReference; lastKnownFileType = sourcecode.swift; path = CurrencyManPageAcceptanceTests.swift; sourceTree = "<group>"; };
		45E6E880249B9EA800BBF133 /* Debug.xcconfig */ = {isa = PBXFileReference; lastKnownFileType = text.xcconfig; path = Debug.xcconfig; sourceTree = "<group>"; };
		45E6E882249B9EC100BBF133 /* Stage.xcconfig */ = {isa = PBXFileReference; lastKnownFileType = text.xcconfig; path = Stage.xcconfig; sourceTree = "<group>"; };
		45E6E884249B9ED200BBF133 /* Release.xcconfig */ = {isa = PBXFileReference; lastKnownFileType = text.xcconfig; path = Release.xcconfig; sourceTree = "<group>"; };
/* End PBXFileReference section */

/* Begin PBXFrameworksBuildPhase section */
		458AB146249B346E003E415E /* Frameworks */ = {
			isa = PBXFrameworksBuildPhase;
			buildActionMask = 2147483647;
			files = (
			);
			runOnlyForDeploymentPostprocessing = 0;
		};
		45C5DE742499BBFA00F1B533 /* Frameworks */ = {
			isa = PBXFrameworksBuildPhase;
			buildActionMask = 2147483647;
			files = (
			);
			runOnlyForDeploymentPostprocessing = 0;
		};
		45C5DE8A2499BBFB00F1B533 /* Frameworks */ = {
			isa = PBXFrameworksBuildPhase;
			buildActionMask = 2147483647;
			files = (
			);
			runOnlyForDeploymentPostprocessing = 0;
		};
/* End PBXFrameworksBuildPhase section */

/* Begin PBXGroup section */
		1453D1E3249A39B200729DF0 /* Manager */ = {
			isa = PBXGroup;
			children = (
				1453D1E9249A3AB400729DF0 /* CurrencyMainManager.swift */,
				1453D20F249A855E00729DF0 /* CurrencyDataManager.swift */,
			);
			path = Manager;
			sourceTree = "<group>";
		};
		1453D1E6249A39FD00729DF0 /* Dependency */ = {
			isa = PBXGroup;
			children = (
				1453D1E7249A3A0800729DF0 /* CurrencyMainDependency.swift */,
				1453D20C249A7C3500729DF0 /* CurrencyDataDependency.swift */,
			);
			path = Dependency;
			sourceTree = "<group>";
		};
		1453D1EB249A3AEB00729DF0 /* Setting */ = {
			isa = PBXGroup;
			children = (
				1453D1EC249A3AFB00729DF0 /* EnvironmentSetting.swift */,
			);
			path = Setting;
			sourceTree = "<group>";
		};
		1453D1EE249A3BD400729DF0 /* Model */ = {
			isa = PBXGroup;
			children = (
				1453D1EF249A3BE500729DF0 /* LiveCurrency.swift */,
				1453D209249A79D400729DF0 /* DataCurrencyList.swift */,
				145D514C249A97410019074D /* APIResponse.swift */,
				458AB157249B5183003E415E /* LocalStoreCurrency.swift */,
			);
			path = Model;
			sourceTree = "<group>";
		};
		1453D1F1249A5BEC00729DF0 /* Cells */ = {
			isa = PBXGroup;
			children = (
				1453D1FC249A712800729DF0 /* Selection */,
				1453D1FB249A710600729DF0 /* Rate */,
				1453D1FD249A714E00729DF0 /* CellSetting.swift */,
				1453D1FF249A716F00729DF0 /* CurrencyRowType.swift */,
			);
			name = Cells;
			sourceTree = "<group>";
		};
		1453D1FB249A710600729DF0 /* Rate */ = {
			isa = PBXGroup;
			children = (
				1453D1F6249A5C9B00729DF0 /* CurrencyRateCell.swift */,
				1453D1F7249A5C9B00729DF0 /* CurrencyRateCell.xib */,
				1453D205249A724C00729DF0 /* CurrencyRateVM.swift */,
			);
			name = Rate;
			sourceTree = "<group>";
		};
		1453D1FC249A712800729DF0 /* Selection */ = {
			isa = PBXGroup;
			children = (
				1453D201249A71E900729DF0 /* CurrencySelectCell.swift */,
				1453D1F3249A5C7100729DF0 /* CurrencySelectCell.xib */,
				1453D203249A720400729DF0 /* CurrencySelectVM.swift */,
			);
			name = Selection;
			sourceTree = "<group>";
		};
		458AB142249B3362003E415E /* CurrencyDataVC */ = {
			isa = PBXGroup;
			children = (
				458AB143249B33AD003E415E /* CurrencyDataTests.swift */,
			);
			path = CurrencyDataVC;
			sourceTree = "<group>";
		};
		458AB14A249B346E003E415E /* CurrencyExToolAcceptanceTest */ = {
			isa = PBXGroup;
			children = (
				45E6E878249B93F700BBF133 /* CurrencyMainPageVC */,
				458AB14D249B346E003E415E /* Info.plist */,
			);
			path = CurrencyExToolAcceptanceTest;
			sourceTree = "<group>";
		};
		45C5DE6E2499BBFA00F1B533 = {
			isa = PBXGroup;
			children = (
				45C5DE792499BBFA00F1B533 /* CurrencyExTool */,
				45C5DE902499BBFB00F1B533 /* CurrencyExToolTests */,
				458AB14A249B346E003E415E /* CurrencyExToolAcceptanceTest */,
				45C5DE782499BBFA00F1B533 /* Products */,
			);
			sourceTree = "<group>";
		};
		45C5DE782499BBFA00F1B533 /* Products */ = {
			isa = PBXGroup;
			children = (
				45C5DE772499BBFA00F1B533 /* CurrencyExTool.app */,
				45C5DE8D2499BBFB00F1B533 /* CurrencyExToolTests.xctest */,
				458AB149249B346E003E415E /* CurrencyExToolAcceptanceTest.xctest */,
			);
			name = Products;
			sourceTree = "<group>";
		};
		45C5DE792499BBFA00F1B533 /* CurrencyExTool */ = {
			isa = PBXGroup;
			children = (
				45E6E87F249B9E7800BBF133 /* Config */,
				45C5DEE1249B005100F1B533 /* CustomView */,
				1453D1EE249A3BD400729DF0 /* Model */,
				1453D1EB249A3AEB00729DF0 /* Setting */,
				1453D1E6249A39FD00729DF0 /* Dependency */,
				1453D1E3249A39B200729DF0 /* Manager */,
				45C5DEB12499C56500F1B533 /* Coordinators */,
				45C5DEAE2499C52900F1B533 /* Extension */,
				45C5DEAB2499C45A00F1B533 /* Utilities */,
				45C5DEAA2499C45000F1B533 /* ViewControllers */,
				45C5DE7A2499BBFA00F1B533 /* AppDelegate.swift */,
				45C5DEC92499F61D00F1B533 /* AppCoordinator.swift */,
				45C5DE7C2499BBFA00F1B533 /* SceneDelegate.swift */,
				45C5DE832499BBFB00F1B533 /* Assets.xcassets */,
				45C5DE852499BBFB00F1B533 /* LaunchScreen.storyboard */,
				45C5DE882499BBFB00F1B533 /* Info.plist */,
			);
			path = CurrencyExTool;
			sourceTree = "<group>";
		};
		45C5DE902499BBFB00F1B533 /* CurrencyExToolTests */ = {
			isa = PBXGroup;
			children = (
				45E6E873249B8BCD00BBF133 /* CurrencyMainPageVC */,
				458AB142249B3362003E415E /* CurrencyDataVC */,
				45C5DE932499BBFB00F1B533 /* Info.plist */,
			);
			path = CurrencyExToolTests;
			sourceTree = "<group>";
		};
		45C5DEAA2499C45000F1B533 /* ViewControllers */ = {
			isa = PBXGroup;
			children = (
				45C5DECB249A107200F1B533 /* CurrencyDataVC */,
				45C5DEB02499C54700F1B533 /* CurrencyMainPage */,
			);
			path = ViewControllers;
			sourceTree = "<group>";
		};
		45C5DEAB2499C45A00F1B533 /* Utilities */ = {
			isa = PBXGroup;
			children = (
				45C5DEB72499C62800F1B533 /* Box.swift */,
				45C5DEBA2499E00200F1B533 /* NetworkManager.swift */,
				145D514A249A94580019074D /* NetworkHelper.swift */,
				458AB140249B2BAC003E415E /* CurrencyUtilities.swift */,
				458AB153249B3C41003E415E /* FileHelper.swift */,
				45E6E871249B764D00BBF133 /* TimeCompareHelper.swift */,
			);
			path = Utilities;
			sourceTree = "<group>";
		};
		45C5DEAE2499C52900F1B533 /* Extension */ = {
			isa = PBXGroup;
			children = (
				45C5DEDE249A1A4E00F1B533 /* UIView+Extension.swift */,
				45C5DEE6249B00EA00F1B533 /* UIViewController+Extension.swift */,
				458AB155249B4869003E415E /* String+Extension.swift */,
			);
			path = Extension;
			sourceTree = "<group>";
		};
		45C5DEB02499C54700F1B533 /* CurrencyMainPage */ = {
			isa = PBXGroup;
			children = (
				45C5DEC72499E4E400F1B533 /* CurrencyMainPageCoordinator.swift */,
				45C5DEC52499E4D100F1B533 /* CurrencyMainPageVM.swift */,
				45C5DEC12499E4C700F1B533 /* CurrencyMainPageVC.swift */,
				45C5DEC22499E4C700F1B533 /* CurrencyMainPageVC.xib */,
			);
			name = CurrencyMainPage;
			sourceTree = "<group>";
		};
		45C5DEB12499C56500F1B533 /* Coordinators */ = {
			isa = PBXGroup;
			children = (
				45C5DEB32499C60300F1B533 /* Coordinator.swift */,
				45C5DEB42499C60300F1B533 /* CoordinatorProtocol.swift */,
			);
			path = Coordinators;
			sourceTree = "<group>";
		};
		45C5DECB249A107200F1B533 /* CurrencyDataVC */ = {
			isa = PBXGroup;
			children = (
				1453D1F1249A5BEC00729DF0 /* Cells */,
				45C5DED2249A10E200F1B533 /* CurrencyDataCoordinator.swift */,
				45C5DED4249A10F900F1B533 /* CurrencyDataVC.swift */,
				45C5DED8249A110200F1B533 /* CurrencyDataVM.swift */,
				45C5DED5249A10F900F1B533 /* CurrencyDataVC.xib */,
			);
			name = CurrencyDataVC;
			sourceTree = "<group>";
		};
		45C5DEE1249B005100F1B533 /* CustomView */ = {
			isa = PBXGroup;
			children = (
				45C5DEE3249B006500F1B533 /* LoadingHudView.swift */,
				45C5DEE2249B006500F1B533 /* LoadingHudView.xib */,
			);
			path = CustomView;
			sourceTree = "<group>";
		};
		45E6E873249B8BCD00BBF133 /* CurrencyMainPageVC */ = {
			isa = PBXGroup;
			children = (
				45E6E876249B8C1900BBF133 /* CurrencyManPageTests.swift */,
			);
			path = CurrencyMainPageVC;
			sourceTree = "<group>";
		};
		45E6E878249B93F700BBF133 /* CurrencyMainPageVC */ = {
			isa = PBXGroup;
			children = (
				45E6E879249B941900BBF133 /* CurrencyManPageAcceptanceTests.swift */,
			);
			path = CurrencyMainPageVC;
			sourceTree = "<group>";
		};
		45E6E87F249B9E7800BBF133 /* Config */ = {
			isa = PBXGroup;
			children = (
				45E6E880249B9EA800BBF133 /* Debug.xcconfig */,
				45E6E882249B9EC100BBF133 /* Stage.xcconfig */,
				45E6E884249B9ED200BBF133 /* Release.xcconfig */,
			);
			path = Config;
			sourceTree = "<group>";
		};
/* End PBXGroup section */

/* Begin PBXNativeTarget section */
		458AB148249B346E003E415E /* CurrencyExToolAcceptanceTest */ = {
			isa = PBXNativeTarget;
			buildConfigurationList = 458AB150249B346E003E415E /* Build configuration list for PBXNativeTarget "CurrencyExToolAcceptanceTest" */;
			buildPhases = (
				458AB145249B346E003E415E /* Sources */,
				458AB146249B346E003E415E /* Frameworks */,
				458AB147249B346E003E415E /* Resources */,
			);
			buildRules = (
			);
			dependencies = (
				458AB14F249B346E003E415E /* PBXTargetDependency */,
			);
			name = CurrencyExToolAcceptanceTest;
			productName = CurrencyExToolAcceptanceTest;
			productReference = 458AB149249B346E003E415E /* CurrencyExToolAcceptanceTest.xctest */;
			productType = "com.apple.product-type.bundle.unit-test";
		};
		45C5DE762499BBFA00F1B533 /* CurrencyExTool */ = {
			isa = PBXNativeTarget;
			buildConfigurationList = 45C5DEA12499BBFB00F1B533 /* Build configuration list for PBXNativeTarget "CurrencyExTool" */;
			buildPhases = (
				45C5DE732499BBFA00F1B533 /* Sources */,
				45C5DE742499BBFA00F1B533 /* Frameworks */,
				45C5DE752499BBFA00F1B533 /* Resources */,
			);
			buildRules = (
			);
			dependencies = (
			);
			name = CurrencyExTool;
			productName = CurrencyExTool;
			productReference = 45C5DE772499BBFA00F1B533 /* CurrencyExTool.app */;
			productType = "com.apple.product-type.application";
		};
		45C5DE8C2499BBFB00F1B533 /* CurrencyExToolTests */ = {
			isa = PBXNativeTarget;
			buildConfigurationList = 45C5DEA42499BBFB00F1B533 /* Build configuration list for PBXNativeTarget "CurrencyExToolTests" */;
			buildPhases = (
				45C5DE892499BBFB00F1B533 /* Sources */,
				45C5DE8A2499BBFB00F1B533 /* Frameworks */,
				45C5DE8B2499BBFB00F1B533 /* Resources */,
			);
			buildRules = (
			);
			dependencies = (
				45C5DE8F2499BBFB00F1B533 /* PBXTargetDependency */,
			);
			name = CurrencyExToolTests;
			productName = CurrencyExToolTests;
			productReference = 45C5DE8D2499BBFB00F1B533 /* CurrencyExToolTests.xctest */;
			productType = "com.apple.product-type.bundle.unit-test";
		};
/* End PBXNativeTarget section */

/* Begin PBXProject section */
		45C5DE6F2499BBFA00F1B533 /* Project object */ = {
			isa = PBXProject;
			attributes = {
				LastSwiftUpdateCheck = 1130;
				LastUpgradeCheck = 1130;
				ORGANIZATIONNAME = Shine;
				TargetAttributes = {
					458AB148249B346E003E415E = {
						CreatedOnToolsVersion = 11.3;
						TestTargetID = 45C5DE762499BBFA00F1B533;
					};
					45C5DE762499BBFA00F1B533 = {
						CreatedOnToolsVersion = 11.3;
					};
					45C5DE8C2499BBFB00F1B533 = {
						CreatedOnToolsVersion = 11.3;
						TestTargetID = 45C5DE762499BBFA00F1B533;
					};
				};
			};
			buildConfigurationList = 45C5DE722499BBFA00F1B533 /* Build configuration list for PBXProject "CurrencyExTool" */;
			compatibilityVersion = "Xcode 9.3";
			developmentRegion = en;
			hasScannedForEncodings = 0;
			knownRegions = (
				en,
				Base,
			);
			mainGroup = 45C5DE6E2499BBFA00F1B533;
			productRefGroup = 45C5DE782499BBFA00F1B533 /* Products */;
			projectDirPath = "";
			projectRoot = "";
			targets = (
				45C5DE762499BBFA00F1B533 /* CurrencyExTool */,
				45C5DE8C2499BBFB00F1B533 /* CurrencyExToolTests */,
				458AB148249B346E003E415E /* CurrencyExToolAcceptanceTest */,
			);
		};
/* End PBXProject section */

/* Begin PBXResourcesBuildPhase section */
		458AB147249B346E003E415E /* Resources */ = {
			isa = PBXResourcesBuildPhase;
			buildActionMask = 2147483647;
			files = (
			);
			runOnlyForDeploymentPostprocessing = 0;
		};
		45C5DE752499BBFA00F1B533 /* Resources */ = {
			isa = PBXResourcesBuildPhase;
			buildActionMask = 2147483647;
			files = (
				45C5DE872499BBFB00F1B533 /* LaunchScreen.storyboard in Resources */,
				45C5DEE4249B006500F1B533 /* LoadingHudView.xib in Resources */,
				1453D1F9249A5C9B00729DF0 /* CurrencyRateCell.xib in Resources */,
				45C5DED7249A10F900F1B533 /* CurrencyDataVC.xib in Resources */,
				45E6E885249B9ED200BBF133 /* Release.xcconfig in Resources */,
				45E6E881249B9EA800BBF133 /* Debug.xcconfig in Resources */,
				45C5DEC42499E4C700F1B533 /* CurrencyMainPageVC.xib in Resources */,
				45E6E883249B9EC100BBF133 /* Stage.xcconfig in Resources */,
				1453D208249A780400729DF0 /* CurrencySelectCell.xib in Resources */,
				45C5DE842499BBFB00F1B533 /* Assets.xcassets in Resources */,
			);
			runOnlyForDeploymentPostprocessing = 0;
		};
		45C5DE8B2499BBFB00F1B533 /* Resources */ = {
			isa = PBXResourcesBuildPhase;
			buildActionMask = 2147483647;
			files = (
			);
			runOnlyForDeploymentPostprocessing = 0;
		};
/* End PBXResourcesBuildPhase section */

/* Begin PBXSourcesBuildPhase section */
		458AB145249B346E003E415E /* Sources */ = {
			isa = PBXSourcesBuildPhase;
			buildActionMask = 2147483647;
			files = (
				45E6E87A249B941900BBF133 /* CurrencyManPageAcceptanceTests.swift in Sources */,
			);
			runOnlyForDeploymentPostprocessing = 0;
		};
		45C5DE732499BBFA00F1B533 /* Sources */ = {
			isa = PBXSourcesBuildPhase;
			buildActionMask = 2147483647;
			files = (
				145D514B249A94580019074D /* NetworkHelper.swift in Sources */,
				45C5DEE5249B006500F1B533 /* LoadingHudView.swift in Sources */,
				1453D206249A724C00729DF0 /* CurrencyRateVM.swift in Sources */,
				45C5DEC82499E4E400F1B533 /* CurrencyMainPageCoordinator.swift in Sources */,
				45C5DECA2499F61D00F1B533 /* AppCoordinator.swift in Sources */,
				145D514D249A97410019074D /* APIResponse.swift in Sources */,
				45C5DED9249A110200F1B533 /* CurrencyDataVM.swift in Sources */,
				45C5DEC32499E4C700F1B533 /* CurrencyMainPageVC.swift in Sources */,
				458AB156249B4869003E415E /* String+Extension.swift in Sources */,
				45E6E872249B764D00BBF133 /* TimeCompareHelper.swift in Sources */,
				1453D20A249A79D400729DF0 /* DataCurrencyList.swift in Sources */,
				458AB158249B5183003E415E /* LocalStoreCurrency.swift in Sources */,
				45C5DEB52499C60300F1B533 /* Coordinator.swift in Sources */,
				1453D202249A71EA00729DF0 /* CurrencySelectCell.swift in Sources */,
				45C5DEE7249B00EA00F1B533 /* UIViewController+Extension.swift in Sources */,
				45C5DEB62499C60300F1B533 /* CoordinatorProtocol.swift in Sources */,
				1453D210249A855E00729DF0 /* CurrencyDataManager.swift in Sources */,
				1453D212249A88D100729DF0 /* NetworkManager.swift in Sources */,
				1453D1F8249A5C9B00729DF0 /* CurrencyRateCell.swift in Sources */,
				1453D200249A716F00729DF0 /* CurrencyRowType.swift in Sources */,
				45C5DEDD249A1A3100F1B533 /* CurrencyDataVC.swift in Sources */,
				45C5DEDF249A1A4E00F1B533 /* UIView+Extension.swift in Sources */,
				45C5DEB82499C62800F1B533 /* Box.swift in Sources */,
				1453D1F0249A3BE500729DF0 /* LiveCurrency.swift in Sources */,
				1453D1EA249A3AB400729DF0 /* CurrencyMainManager.swift in Sources */,
				45C5DE7B2499BBFA00F1B533 /* AppDelegate.swift in Sources */,
				1453D1E8249A3A0800729DF0 /* CurrencyMainDependency.swift in Sources */,
				45C5DE7D2499BBFA00F1B533 /* SceneDelegate.swift in Sources */,
				458AB141249B2BAC003E415E /* CurrencyUtilities.swift in Sources */,
				458AB154249B3C41003E415E /* FileHelper.swift in Sources */,
				45C5DED3249A10E200F1B533 /* CurrencyDataCoordinator.swift in Sources */,
				45C5DEC62499E4D100F1B533 /* CurrencyMainPageVM.swift in Sources */,
				1453D1FE249A714E00729DF0 /* CellSetting.swift in Sources */,
				1453D204249A720400729DF0 /* CurrencySelectVM.swift in Sources */,
				1453D1ED249A3AFB00729DF0 /* EnvironmentSetting.swift in Sources */,
				1453D20D249A7C3500729DF0 /* CurrencyDataDependency.swift in Sources */,
			);
			runOnlyForDeploymentPostprocessing = 0;
		};
		45C5DE892499BBFB00F1B533 /* Sources */ = {
			isa = PBXSourcesBuildPhase;
			buildActionMask = 2147483647;
			files = (
				1453D211249A855E00729DF0 /* CurrencyDataManager.swift in Sources */,
				45E6E877249B8C1900BBF133 /* CurrencyManPageTests.swift in Sources */,
				458AB144249B33AD003E415E /* CurrencyDataTests.swift in Sources */,
				1453D20E249A7C3500729DF0 /* CurrencyDataDependency.swift in Sources */,
			);
			runOnlyForDeploymentPostprocessing = 0;
		};
/* End PBXSourcesBuildPhase section */

/* Begin PBXTargetDependency section */
		458AB14F249B346E003E415E /* PBXTargetDependency */ = {
			isa = PBXTargetDependency;
			target = 45C5DE762499BBFA00F1B533 /* CurrencyExTool */;
			targetProxy = 458AB14E249B346E003E415E /* PBXContainerItemProxy */;
		};
		45C5DE8F2499BBFB00F1B533 /* PBXTargetDependency */ = {
			isa = PBXTargetDependency;
			target = 45C5DE762499BBFA00F1B533 /* CurrencyExTool */;
			targetProxy = 45C5DE8E2499BBFB00F1B533 /* PBXContainerItemProxy */;
		};
/* End PBXTargetDependency section */

/* Begin PBXVariantGroup section */
		45C5DE852499BBFB00F1B533 /* LaunchScreen.storyboard */ = {
			isa = PBXVariantGroup;
			children = (
				45C5DE862499BBFB00F1B533 /* Base */,
			);
			name = LaunchScreen.storyboard;
			sourceTree = "<group>";
		};
/* End PBXVariantGroup section */

/* Begin XCBuildConfiguration section */
		458AB151249B346E003E415E /* Debug */ = {
			isa = XCBuildConfiguration;
			baseConfigurationReference = 45E6E880249B9EA800BBF133 /* Debug.xcconfig */;
			buildSettings = {
				BUNDLE_LOADER = "$(TEST_HOST)";
				CODE_SIGN_STYLE = Automatic;
				INFOPLIST_FILE = CurrencyExToolAcceptanceTest/Info.plist;
				LD_RUNPATH_SEARCH_PATHS = (
					"$(inherited)",
					"@executable_path/Frameworks",
					"@loader_path/Frameworks",
				);
				PRODUCT_BUNDLE_IDENTIFIER = brille.com.CurrencyExToolAcceptanceTest;
				PRODUCT_NAME = "$(TARGET_NAME)";
				SWIFT_VERSION = 5.0;
				TARGETED_DEVICE_FAMILY = "1,2";
				TEST_HOST = "$(BUILT_PRODUCTS_DIR)/CurrencyExTool.app/CurrencyExTool";
			};
			name = Debug;
		};
		458AB152249B346E003E415E /* Release */ = {
			isa = XCBuildConfiguration;
			baseConfigurationReference = 45E6E884249B9ED200BBF133 /* Release.xcconfig */;
			buildSettings = {
				BUNDLE_LOADER = "$(TEST_HOST)";
				CODE_SIGN_STYLE = Automatic;
				INFOPLIST_FILE = CurrencyExToolAcceptanceTest/Info.plist;
				LD_RUNPATH_SEARCH_PATHS = (
					"$(inherited)",
					"@executable_path/Frameworks",
					"@loader_path/Frameworks",
				);
				PRODUCT_BUNDLE_IDENTIFIER = brille.com.CurrencyExToolAcceptanceTest;
				PRODUCT_NAME = "$(TARGET_NAME)";
				SWIFT_VERSION = 5.0;
				TARGETED_DEVICE_FAMILY = "1,2";
				TEST_HOST = "$(BUILT_PRODUCTS_DIR)/CurrencyExTool.app/CurrencyExTool";
			};
			name = Release;
		};
		45C5DE9F2499BBFB00F1B533 /* Debug */ = {
			isa = XCBuildConfiguration;
			baseConfigurationReference = 45E6E880249B9EA800BBF133 /* Debug.xcconfig */;
			buildSettings = {
				ALWAYS_SEARCH_USER_PATHS = NO;
				CLANG_ANALYZER_NONNULL = YES;
				CLANG_ANALYZER_NUMBER_OBJECT_CONVERSION = YES_AGGRESSIVE;
				CLANG_CXX_LANGUAGE_STANDARD = "gnu++14";
				CLANG_CXX_LIBRARY = "libc++";
				CLANG_ENABLE_MODULES = YES;
				CLANG_ENABLE_OBJC_ARC = YES;
				CLANG_ENABLE_OBJC_WEAK = YES;
				CLANG_WARN_BLOCK_CAPTURE_AUTORELEASING = YES;
				CLANG_WARN_BOOL_CONVERSION = YES;
				CLANG_WARN_COMMA = YES;
				CLANG_WARN_CONSTANT_CONVERSION = YES;
				CLANG_WARN_DEPRECATED_OBJC_IMPLEMENTATIONS = YES;
				CLANG_WARN_DIRECT_OBJC_ISA_USAGE = YES_ERROR;
				CLANG_WARN_DOCUMENTATION_COMMENTS = YES;
				CLANG_WARN_EMPTY_BODY = YES;
				CLANG_WARN_ENUM_CONVERSION = YES;
				CLANG_WARN_INFINITE_RECURSION = YES;
				CLANG_WARN_INT_CONVERSION = YES;
				CLANG_WARN_NON_LITERAL_NULL_CONVERSION = YES;
				CLANG_WARN_OBJC_IMPLICIT_RETAIN_SELF = YES;
				CLANG_WARN_OBJC_LITERAL_CONVERSION = YES;
				CLANG_WARN_OBJC_ROOT_CLASS = YES_ERROR;
				CLANG_WARN_RANGE_LOOP_ANALYSIS = YES;
				CLANG_WARN_STRICT_PROTOTYPES = YES;
				CLANG_WARN_SUSPICIOUS_MOVE = YES;
				CLANG_WARN_UNGUARDED_AVAILABILITY = YES_AGGRESSIVE;
				CLANG_WARN_UNREACHABLE_CODE = YES;
				CLANG_WARN__DUPLICATE_METHOD_MATCH = YES;
				COPY_PHASE_STRIP = NO;
				DEBUG_INFORMATION_FORMAT = dwarf;
				ENABLE_STRICT_OBJC_MSGSEND = YES;
				ENABLE_TESTABILITY = YES;
				GCC_C_LANGUAGE_STANDARD = gnu11;
				GCC_DYNAMIC_NO_PIC = NO;
				GCC_NO_COMMON_BLOCKS = YES;
				GCC_OPTIMIZATION_LEVEL = 0;
				GCC_PREPROCESSOR_DEFINITIONS = (
					"DEBUG=1",
					"$(inherited)",
				);
				GCC_WARN_64_TO_32_BIT_CONVERSION = YES;
				GCC_WARN_ABOUT_RETURN_TYPE = YES_ERROR;
				GCC_WARN_UNDECLARED_SELECTOR = YES;
				GCC_WARN_UNINITIALIZED_AUTOS = YES_AGGRESSIVE;
				GCC_WARN_UNUSED_FUNCTION = YES;
				GCC_WARN_UNUSED_VARIABLE = YES;
				IPHONEOS_DEPLOYMENT_TARGET = 13.2;
				MTL_ENABLE_DEBUG_INFO = INCLUDE_SOURCE;
				MTL_FAST_MATH = YES;
				ONLY_ACTIVE_ARCH = YES;
				SDKROOT = iphoneos;
				SWIFT_ACTIVE_COMPILATION_CONDITIONS = DEBUG;
				SWIFT_OPTIMIZATION_LEVEL = "-Onone";
			};
			name = Debug;
		};
		45C5DEA02499BBFB00F1B533 /* Release */ = {
			isa = XCBuildConfiguration;
			baseConfigurationReference = 45E6E884249B9ED200BBF133 /* Release.xcconfig */;
			buildSettings = {
				ALWAYS_SEARCH_USER_PATHS = NO;
				CLANG_ANALYZER_NONNULL = YES;
				CLANG_ANALYZER_NUMBER_OBJECT_CONVERSION = YES_AGGRESSIVE;
				CLANG_CXX_LANGUAGE_STANDARD = "gnu++14";
				CLANG_CXX_LIBRARY = "libc++";
				CLANG_ENABLE_MODULES = YES;
				CLANG_ENABLE_OBJC_ARC = YES;
				CLANG_ENABLE_OBJC_WEAK = YES;
				CLANG_WARN_BLOCK_CAPTURE_AUTORELEASING = YES;
				CLANG_WARN_BOOL_CONVERSION = YES;
				CLANG_WARN_COMMA = YES;
				CLANG_WARN_CONSTANT_CONVERSION = YES;
				CLANG_WARN_DEPRECATED_OBJC_IMPLEMENTATIONS = YES;
				CLANG_WARN_DIRECT_OBJC_ISA_USAGE = YES_ERROR;
				CLANG_WARN_DOCUMENTATION_COMMENTS = YES;
				CLANG_WARN_EMPTY_BODY = YES;
				CLANG_WARN_ENUM_CONVERSION = YES;
				CLANG_WARN_INFINITE_RECURSION = YES;
				CLANG_WARN_INT_CONVERSION = YES;
				CLANG_WARN_NON_LITERAL_NULL_CONVERSION = YES;
				CLANG_WARN_OBJC_IMPLICIT_RETAIN_SELF = YES;
				CLANG_WARN_OBJC_LITERAL_CONVERSION = YES;
				CLANG_WARN_OBJC_ROOT_CLASS = YES_ERROR;
				CLANG_WARN_RANGE_LOOP_ANALYSIS = YES;
				CLANG_WARN_STRICT_PROTOTYPES = YES;
				CLANG_WARN_SUSPICIOUS_MOVE = YES;
				CLANG_WARN_UNGUARDED_AVAILABILITY = YES_AGGRESSIVE;
				CLANG_WARN_UNREACHABLE_CODE = YES;
				CLANG_WARN__DUPLICATE_METHOD_MATCH = YES;
				COPY_PHASE_STRIP = NO;
				DEBUG_INFORMATION_FORMAT = "dwarf-with-dsym";
				ENABLE_NS_ASSERTIONS = NO;
				ENABLE_STRICT_OBJC_MSGSEND = YES;
				GCC_C_LANGUAGE_STANDARD = gnu11;
				GCC_NO_COMMON_BLOCKS = YES;
				GCC_WARN_64_TO_32_BIT_CONVERSION = YES;
				GCC_WARN_ABOUT_RETURN_TYPE = YES_ERROR;
				GCC_WARN_UNDECLARED_SELECTOR = YES;
				GCC_WARN_UNINITIALIZED_AUTOS = YES_AGGRESSIVE;
				GCC_WARN_UNUSED_FUNCTION = YES;
				GCC_WARN_UNUSED_VARIABLE = YES;
				IPHONEOS_DEPLOYMENT_TARGET = 13.2;
				MTL_ENABLE_DEBUG_INFO = NO;
				MTL_FAST_MATH = YES;
				SDKROOT = iphoneos;
				SWIFT_COMPILATION_MODE = wholemodule;
				SWIFT_OPTIMIZATION_LEVEL = "-O";
				VALIDATE_PRODUCT = YES;
			};
			name = Release;
		};
		45C5DEA22499BBFB00F1B533 /* Debug */ = {
			isa = XCBuildConfiguration;
			baseConfigurationReference = 45E6E880249B9EA800BBF133 /* Debug.xcconfig */;
			buildSettings = {
				ASSETCATALOG_COMPILER_APPICON_NAME = AppIcon;
				CODE_SIGN_STYLE = Automatic;
				INFOPLIST_FILE = CurrencyExTool/Info.plist;
				IPHONEOS_DEPLOYMENT_TARGET = 11.0;
				LD_RUNPATH_SEARCH_PATHS = (
					"$(inherited)",
					"@executable_path/Frameworks",
				);
				OTHER_SWIFT_FLAGS = "-Onone -D ${ENVIRONMENT_FLAG}";
				PRODUCT_BUNDLE_IDENTIFIER = brille.com.CurrencyExTool;
				PRODUCT_NAME = "$(TARGET_NAME)";
				SWIFT_VERSION = 5.0;
				TARGETED_DEVICE_FAMILY = 1;
			};
			name = Debug;
		};
		45C5DEA32499BBFB00F1B533 /* Release */ = {
			isa = XCBuildConfiguration;
			baseConfigurationReference = 45E6E884249B9ED200BBF133 /* Release.xcconfig */;
			buildSettings = {
				ASSETCATALOG_COMPILER_APPICON_NAME = AppIcon;
				CODE_SIGN_STYLE = Automatic;
				INFOPLIST_FILE = CurrencyExTool/Info.plist;
				IPHONEOS_DEPLOYMENT_TARGET = 11.0;
				LD_RUNPATH_SEARCH_PATHS = (
					"$(inherited)",
					"@executable_path/Frameworks",
				);
				OTHER_SWIFT_FLAGS = "-D ${ENVIRONMENT_FLAG}";
				PRODUCT_BUNDLE_IDENTIFIER = brille.com.CurrencyExTool;
				PRODUCT_NAME = "$(TARGET_NAME)";
				SWIFT_VERSION = 5.0;
				TARGETED_DEVICE_FAMILY = 1;
			};
			name = Release;
		};
		45C5DEA52499BBFB00F1B533 /* Debug */ = {
			isa = XCBuildConfiguration;
			baseConfigurationReference = 45E6E880249B9EA800BBF133 /* Debug.xcconfig */;
			buildSettings = {
				ALWAYS_EMBED_SWIFT_STANDARD_LIBRARIES = YES;
				BUNDLE_LOADER = "$(TEST_HOST)";
				CODE_SIGN_STYLE = Automatic;
				INFOPLIST_FILE = CurrencyExToolTests/Info.plist;
				IPHONEOS_DEPLOYMENT_TARGET = 13.2;
				LD_RUNPATH_SEARCH_PATHS = (
					"$(inherited)",
					"@executable_path/Frameworks",
					"@loader_path/Frameworks",
				);
				PRODUCT_BUNDLE_IDENTIFIER = brille.com.CurrencyExToolTests;
				PRODUCT_NAME = "$(TARGET_NAME)";
				SWIFT_VERSION = 5.0;
				TARGETED_DEVICE_FAMILY = "1,2";
				TEST_HOST = "$(BUILT_PRODUCTS_DIR)/CurrencyExTool.app/CurrencyExTool";
			};
			name = Debug;
		};
		45C5DEA62499BBFB00F1B533 /* Release */ = {
			isa = XCBuildConfiguration;
			baseConfigurationReference = 45E6E884249B9ED200BBF133 /* Release.xcconfig */;
			buildSettings = {
				ALWAYS_EMBED_SWIFT_STANDARD_LIBRARIES = YES;
				BUNDLE_LOADER = "$(TEST_HOST)";
				CODE_SIGN_STYLE = Automatic;
				INFOPLIST_FILE = CurrencyExToolTests/Info.plist;
				IPHONEOS_DEPLOYMENT_TARGET = 13.2;
				LD_RUNPATH_SEARCH_PATHS = (
					"$(inherited)",
					"@executable_path/Frameworks",
					"@loader_path/Frameworks",
				);
				PRODUCT_BUNDLE_IDENTIFIER = brille.com.CurrencyExToolTests;
				PRODUCT_NAME = "$(TARGET_NAME)";
				SWIFT_VERSION = 5.0;
				TARGETED_DEVICE_FAMILY = "1,2";
				TEST_HOST = "$(BUILT_PRODUCTS_DIR)/CurrencyExTool.app/CurrencyExTool";
			};
			name = Release;
		};
		45E6E87B249B9E6800BBF133 /* Stage */ = {
			isa = XCBuildConfiguration;
			baseConfigurationReference = 45E6E882249B9EC100BBF133 /* Stage.xcconfig */;
			buildSettings = {
				ALWAYS_SEARCH_USER_PATHS = NO;
				CLANG_ANALYZER_NONNULL = YES;
				CLANG_ANALYZER_NUMBER_OBJECT_CONVERSION = YES_AGGRESSIVE;
				CLANG_CXX_LANGUAGE_STANDARD = "gnu++14";
				CLANG_CXX_LIBRARY = "libc++";
				CLANG_ENABLE_MODULES = YES;
				CLANG_ENABLE_OBJC_ARC = YES;
				CLANG_ENABLE_OBJC_WEAK = YES;
				CLANG_WARN_BLOCK_CAPTURE_AUTORELEASING = YES;
				CLANG_WARN_BOOL_CONVERSION = YES;
				CLANG_WARN_COMMA = YES;
				CLANG_WARN_CONSTANT_CONVERSION = YES;
				CLANG_WARN_DEPRECATED_OBJC_IMPLEMENTATIONS = YES;
				CLANG_WARN_DIRECT_OBJC_ISA_USAGE = YES_ERROR;
				CLANG_WARN_DOCUMENTATION_COMMENTS = YES;
				CLANG_WARN_EMPTY_BODY = YES;
				CLANG_WARN_ENUM_CONVERSION = YES;
				CLANG_WARN_INFINITE_RECURSION = YES;
				CLANG_WARN_INT_CONVERSION = YES;
				CLANG_WARN_NON_LITERAL_NULL_CONVERSION = YES;
				CLANG_WARN_OBJC_IMPLICIT_RETAIN_SELF = YES;
				CLANG_WARN_OBJC_LITERAL_CONVERSION = YES;
				CLANG_WARN_OBJC_ROOT_CLASS = YES_ERROR;
				CLANG_WARN_RANGE_LOOP_ANALYSIS = YES;
				CLANG_WARN_STRICT_PROTOTYPES = YES;
				CLANG_WARN_SUSPICIOUS_MOVE = YES;
				CLANG_WARN_UNGUARDED_AVAILABILITY = YES_AGGRESSIVE;
				CLANG_WARN_UNREACHABLE_CODE = YES;
				CLANG_WARN__DUPLICATE_METHOD_MATCH = YES;
				COPY_PHASE_STRIP = NO;
				DEBUG_INFORMATION_FORMAT = dwarf;
				ENABLE_STRICT_OBJC_MSGSEND = YES;
				ENABLE_TESTABILITY = YES;
				GCC_C_LANGUAGE_STANDARD = gnu11;
				GCC_DYNAMIC_NO_PIC = NO;
				GCC_NO_COMMON_BLOCKS = YES;
				GCC_OPTIMIZATION_LEVEL = 0;
				GCC_PREPROCESSOR_DEFINITIONS = (
					"DEBUG=1",
					"$(inherited)",
				);
				GCC_WARN_64_TO_32_BIT_CONVERSION = YES;
				GCC_WARN_ABOUT_RETURN_TYPE = YES_ERROR;
				GCC_WARN_UNDECLARED_SELECTOR = YES;
				GCC_WARN_UNINITIALIZED_AUTOS = YES_AGGRESSIVE;
				GCC_WARN_UNUSED_FUNCTION = YES;
				GCC_WARN_UNUSED_VARIABLE = YES;
				IPHONEOS_DEPLOYMENT_TARGET = 13.2;
				MTL_ENABLE_DEBUG_INFO = INCLUDE_SOURCE;
				MTL_FAST_MATH = YES;
				ONLY_ACTIVE_ARCH = YES;
				SDKROOT = iphoneos;
				SWIFT_ACTIVE_COMPILATION_CONDITIONS = DEBUG;
				SWIFT_OPTIMIZATION_LEVEL = "-Onone";
			};
			name = Stage;
		};
		45E6E87C249B9E6800BBF133 /* Stage */ = {
			isa = XCBuildConfiguration;
			baseConfigurationReference = 45E6E882249B9EC100BBF133 /* Stage.xcconfig */;
			buildSettings = {
				ASSETCATALOG_COMPILER_APPICON_NAME = AppIcon;
				CODE_SIGN_STYLE = Automatic;
				INFOPLIST_FILE = CurrencyExTool/Info.plist;
				IPHONEOS_DEPLOYMENT_TARGET = 11.0;
				LD_RUNPATH_SEARCH_PATHS = (
					"$(inherited)",
					"@executable_path/Frameworks",
				);
				OTHER_SWIFT_FLAGS = "-D ${ENVIRONMENT_FLAG}";
				PRODUCT_BUNDLE_IDENTIFIER = brille.com.CurrencyExTool;
				PRODUCT_NAME = "$(TARGET_NAME)";
				SWIFT_VERSION = 5.0;
				TARGETED_DEVICE_FAMILY = 1;
			};
			name = Stage;
		};
		45E6E87D249B9E6800BBF133 /* Stage */ = {
			isa = XCBuildConfiguration;
			baseConfigurationReference = 45E6E882249B9EC100BBF133 /* Stage.xcconfig */;
			buildSettings = {
				ALWAYS_EMBED_SWIFT_STANDARD_LIBRARIES = YES;
				BUNDLE_LOADER = "$(TEST_HOST)";
				CODE_SIGN_STYLE = Automatic;
				INFOPLIST_FILE = CurrencyExToolTests/Info.plist;
				IPHONEOS_DEPLOYMENT_TARGET = 13.2;
				LD_RUNPATH_SEARCH_PATHS = (
					"$(inherited)",
					"@executable_path/Frameworks",
					"@loader_path/Frameworks",
				);
				PRODUCT_BUNDLE_IDENTIFIER = brille.com.CurrencyExToolTests;
				PRODUCT_NAME = "$(TARGET_NAME)";
				SWIFT_VERSION = 5.0;
				TARGETED_DEVICE_FAMILY = "1,2";
				TEST_HOST = "$(BUILT_PRODUCTS_DIR)/CurrencyExTool.app/CurrencyExTool";
			};
			name = Stage;
		};
		45E6E87E249B9E6800BBF133 /* Stage */ = {
			isa = XCBuildConfiguration;
			baseConfigurationReference = 45E6E882249B9EC100BBF133 /* Stage.xcconfig */;
			buildSettings = {
				BUNDLE_LOADER = "$(TEST_HOST)";
				CODE_SIGN_STYLE = Automatic;
				INFOPLIST_FILE = CurrencyExToolAcceptanceTest/Info.plist;
				LD_RUNPATH_SEARCH_PATHS = (
					"$(inherited)",
					"@executable_path/Frameworks",
					"@loader_path/Frameworks",
				);
				PRODUCT_BUNDLE_IDENTIFIER = brille.com.CurrencyExToolAcceptanceTest;
				PRODUCT_NAME = "$(TARGET_NAME)";
				SWIFT_VERSION = 5.0;
				TARGETED_DEVICE_FAMILY = "1,2";
				TEST_HOST = "$(BUILT_PRODUCTS_DIR)/CurrencyExTool.app/CurrencyExTool";
			};
			name = Stage;
		};
/* End XCBuildConfiguration section */

/* Begin XCConfigurationList section */
		458AB150249B346E003E415E /* Build configuration list for PBXNativeTarget "CurrencyExToolAcceptanceTest" */ = {
			isa = XCConfigurationList;
			buildConfigurations = (
				458AB151249B346E003E415E /* Debug */,
				45E6E87E249B9E6800BBF133 /* Stage */,
				458AB152249B346E003E415E /* Release */,
			);
			defaultConfigurationIsVisible = 0;
			defaultConfigurationName = Release;
		};
		45C5DE722499BBFA00F1B533 /* Build configuration list for PBXProject "CurrencyExTool" */ = {
			isa = XCConfigurationList;
			buildConfigurations = (
				45C5DE9F2499BBFB00F1B533 /* Debug */,
				45E6E87B249B9E6800BBF133 /* Stage */,
				45C5DEA02499BBFB00F1B533 /* Release */,
			);
			defaultConfigurationIsVisible = 0;
			defaultConfigurationName = Release;
		};
		45C5DEA12499BBFB00F1B533 /* Build configuration list for PBXNativeTarget "CurrencyExTool" */ = {
			isa = XCConfigurationList;
			buildConfigurations = (
				45C5DEA22499BBFB00F1B533 /* Debug */,
				45E6E87C249B9E6800BBF133 /* Stage */,
				45C5DEA32499BBFB00F1B533 /* Release */,
			);
			defaultConfigurationIsVisible = 0;
			defaultConfigurationName = Release;
		};
		45C5DEA42499BBFB00F1B533 /* Build configuration list for PBXNativeTarget "CurrencyExToolTests" */ = {
			isa = XCConfigurationList;
			buildConfigurations = (
				45C5DEA52499BBFB00F1B533 /* Debug */,
				45E6E87D249B9E6800BBF133 /* Stage */,
				45C5DEA62499BBFB00F1B533 /* Release */,
			);
			defaultConfigurationIsVisible = 0;
			defaultConfigurationName = Release;
		};
/* End XCConfigurationList section */
	};
	rootObject = 45C5DE6F2499BBFA00F1B533 /* Project object */;
}
